
Microsoft Visual Studio Solution File, Format Version 12.00
# Visual Studio Version 16
VisualStudioVersion = 16.0.31019.35
MinimumVisualStudioVersion = 10.0.40219.1
Project("{FAE04EC0-301F-11D3-BF4B-00C04F79EFBC}") = "Structures", "Structures\Structures.csproj", "{A3A1C11D-7337-431E-BA25-669AA0F961EB}"
EndProject
Global
	GlobalSection(SolutionConfigurationPlatforms) = preSolution
		Debug|Any CPU = Debug|Any CPU
		Release|Any CPU = Release|Any CPU
	EndGlobalSection
	GlobalSection(ProjectConfigurationPlatforms) = postSolution
		{A3A1C11D-7337-431E-BA25-669AA0F961EB}.Debug|Any CPU.ActiveCfg = Debug|Any CPU
		{A3A1C11D-7337-431E-BA25-669AA0F961EB}.Debug|Any CPU.Build.0 = Debug|Any CPU
		{A3A1C11D-7337-431E-BA25-669AA0F961EB}.Release|Any CPU.ActiveCfg = Release|Any CPU
		{A3A1C11D-7337-431E-BA25-669AA0F961EB}.Release|Any CPU.Build.0 = Release|Any CPU
	EndGlobalSection
	GlobalSection(SolutionProperties) = preSolution
		HideSolutionNode = FALSE
	EndGlobalSection
	GlobalSection(ExtensibilityGlobals) = postSolution
		SolutionGuid = {EF85C8B5-FBB4-4CF2-A230-092D55A68392}
	EndGlobalSection
EndGlobal
